# THIS IS AN AUTOGENERATED FILE. DO NOT EDIT THIS FILE DIRECTLY.
# yarn lockfile v1


"@ronomon/crypto-async@^5.0.1":
  version "5.0.1"
  resolved "https://registry.yarnpkg.com/@ronomon/crypto-async/-/crypto-async-5.0.1.tgz#3764cccb5c480bd401a7ade44e65e3849b5a0cc1"
  integrity sha512-FMMCBJhaM52RvHBNy6q8S5LgbutJh3s/JSKzgIEOrAUzc5m6H3P5/XW9JvgDc/Yot+sqmWQLUh/hyPRGAJTUZQ==
  dependencies:
    "@ronomon/queue" "^3.0.0"

"@ronomon/hash-table@^2.0.7":
  version "2.0.7"
  resolved "https://registry.yarnpkg.com/@ronomon/hash-table/-/hash-table-2.0.7.tgz#736c162af4492d2c846da1d0fcd59061773b8962"
  integrity sha512-7obVwoh++yPb4DBSCXkCSrDEkMCD6gEjlGqw5tOErtgj2L/w3EnKXOAyBHYgzFjdjTOS00/zqZHjPq1HURewsw==

"@ronomon/queue@^3.0.0", "@ronomon/queue@^3.0.1":
  version "3.0.1"
  resolved "https://registry.yarnpkg.com/@ronomon/queue/-/queue-3.0.1.tgz#42613e8488289ad452f4cf2244064958fc08d370"
  integrity sha512-STcqSvk+c7ArMrZgYxhM92p6O6F7t0SUbGr+zm8s9fJple5EdJAMwP3dXqgdXeF95xWhBpha5kjEqNAIdI0r4w==
