# This file is generated by running "yarn install" inside your project.
# Manual changes might be lost - proceed with caution!

__metadata:
  version: 4
  cacheKey: 7

"@types/node@npm:^14.14.41":
  version: 14.17.1
  resolution: "@types/node@npm:14.17.1"
  checksum: 3ab1180ff2579f4039aa2416087df03e4e8b5f930b64e024ad2b2ae73e546f6054c3bae0324180d425944c7c408c02fdf6ca71f5a265ed05f28aeaae0a2c3599
  languageName: node
  linkType: hard

"tigerbeetle-node@workspace:.":
  version: 0.0.0-use.local
  resolution: "tigerbeetle-node@workspace:."
  dependencies:
    "@types/node": ^14.14.41
    typescript: ^4.0.2
  languageName: unknown
  linkType: soft

typescript@^4.0.2:
  version: 4.2.4
  resolution: "typescript@npm:4.2.4"
  bin:
    tsc: bin/tsc
    tsserver: bin/tsserver
  checksum: edaede2fa77f56b7fba80ee624a2368ab1216e75b0434d968ccb47ab0a5e2f6d94f848b3b111c1237dd71e988cd376af26370dcdad3b94355c76e759f0dd0a1e
  languageName: node
  linkType: hard

"typescript@patch:typescript@^4.0.2#builtin<compat/typescript>":
  version: 4.2.4
  resolution: "typescript@patch:typescript@npm%3A4.2.4#builtin<compat/typescript>::version=4.2.4&hash=a45b0e"
  bin:
    tsc: bin/tsc
    tsserver: bin/tsserver
  checksum: 3be44317593182e8ce494c114e7ad9b0bb2553a22f3085cc6da4f0a36912c20850daa9be4c898af2ab6fc8b12f430c1c9e46ac715721867cd38643f2350d3ef9
  languageName: node
  linkType: hard
